
Microsoft Visual Studio Solution File, Format Version 12.00
# Visual Studio Version 17
VisualStudioVersion = 17.4.33403.182
MinimumVisualStudioVersion = 10.0.40219.1
Project("{8BC9CEB8-8B4A-11D0-8D11-00A0C91BC942}") = "cpuvsgpu", "cpuvsgpu\cpuvsgpu.vcxproj", "{F2B7AE68-5A87-4398-BFB8-E07641C264BA}"
EndProject
Global
	GlobalSection(SolutionConfigurationPlatforms) = preSolution
		Debug|x64 = Debug|x64
		Release|x64 = Release|x64
	EndGlobalSection
	GlobalSection(ProjectConfigurationPlatforms) = postSolution
		{F2B7AE68-5A87-4398-BFB8-E07641C264BA}.Debug|x64.ActiveCfg = Debug|x64
		{F2B7AE68-5A87-4398-BFB8-E07641C264BA}.Debug|x64.Build.0 = Debug|x64
		{F2B7AE68-5A87-4398-BFB8-E07641C264BA}.Release|x64.ActiveCfg = Release|x64
		{F2B7AE68-5A87-4398-BFB8-E07641C264BA}.Release|x64.Build.0 = Release|x64
	EndGlobalSection
	GlobalSection(SolutionProperties) = preSolution
		HideSolutionNode = FALSE
	EndGlobalSection
	GlobalSection(ExtensibilityGlobals) = postSolution
		SolutionGuid = {EF6C8025-770B-4E9E-997B-8F76919D624F}
	EndGlobalSection
EndGlobal
